<?xml version="1.0" encoding="utf-8"?>
<Project ToolsVersion="4.0" xmlns="http://schemas.microsoft.com/developer/msbuild/2003">
  <ItemGroup>
    <Filter Include="소스 파일">
      <UniqueIdentifier>{4FC737F1-C7A5-4376-A066-2A32D752A2FF}</UniqueIdentifier>
      <Extensions>cpp;c;cc;cxx;c++;cppm;ixx;def;odl;idl;hpj;bat;asm;asmx</Extensions>
    </Filter>
    <Filter Include="헤더 파일">
      <UniqueIdentifier>{93995380-89BD-4b04-88EB-625FBE52EBFB}</UniqueIdentifier>
      <Extensions>h;hh;hpp;hxx;h++;hm;inl;inc;ipp;xsd</Extensions>
    </Filter>
    <Filter Include="리소스 파일">
      <UniqueIdentifier>{67DA6AB6-F800-4c08-8B7A-83BB121AAD01}</UniqueIdentifier>
      <Extensions>rc;ico;cur;bmp;dlg;rc2;rct;bin;rgs;gif;jpg;jpeg;jpe;resx;tiff;tif;png;wav;mfcribbon-ms</Extensions>
    </Filter>
    <Filter Include="01.GameManager">
      <UniqueIdentifier>{c128ea61-d209-49f3-b534-3b17abe2858b}</UniqueIdentifier>
    </Filter>
    <Filter Include="01.GameManager\01.Device">
      <UniqueIdentifier>{ee202a1e-94d9-41cb-add3-86c158aefca7}</UniqueIdentifier>
    </Filter>
    <Filter Include="02.Share">
      <UniqueIdentifier>{08733a4b-ad78-4237-bd13-c4b9fbace5bd}</UniqueIdentifier>
    </Filter>
    <Filter Include="03.Asset">
      <UniqueIdentifier>{08a5134e-7f4c-4b6b-8a43-1a85436885ca}</UniqueIdentifier>
    </Filter>
    <Filter Include="04.Shader">
      <UniqueIdentifier>{ad91c215-59b3-40ab-96d8-88b21605deeb}</UniqueIdentifier>
    </Filter>
    <Filter Include="05.Scene">
      <UniqueIdentifier>{817ace9e-f695-4e4a-ae21-ba0a4862f469}</UniqueIdentifier>
    </Filter>
    <Filter Include="06.Object">
      <UniqueIdentifier>{1744ed02-3531-41a3-9763-cda873f67759}</UniqueIdentifier>
    </Filter>
    <Filter Include="07.Component">
      <UniqueIdentifier>{d47d1502-b309-41a5-bf10-1bfff0b9d9e4}</UniqueIdentifier>
    </Filter>
    <Filter Include="02.Share\01.Timer">
      <UniqueIdentifier>{a0cce5a4-dcd7-4fe5-bd87-0f2dc8a44889}</UniqueIdentifier>
    </Filter>
    <Filter Include="02.Share\02.Object">
      <UniqueIdentifier>{f325903c-1b10-4e21-b90d-b0209bd0baff}</UniqueIdentifier>
    </Filter>
    <Filter Include="02.Share\03.SharedPtr">
      <UniqueIdentifier>{bea9c31d-4cfd-49eb-9ba2-0ed52bd2fdbe}</UniqueIdentifier>
    </Filter>
    <Filter Include="03.Asset\01.Mesh">
      <UniqueIdentifier>{7c7b487b-f4c0-447d-97cd-6c09b3a77057}</UniqueIdentifier>
    </Filter>
    <Filter Include="04.Shader\01.HLSL">
      <UniqueIdentifier>{3b519ffd-3302-4217-afdb-28882f9c7b22}</UniqueIdentifier>
    </Filter>
    <Filter Include="04.Shader\02.Shader Class">
      <UniqueIdentifier>{4914a639-5805-418c-b9e5-c2592d3103b6}</UniqueIdentifier>
    </Filter>
    <Filter Include="04.Shader\03.ConstantBuffer">
      <UniqueIdentifier>{70b0869d-18c6-4cbe-a781-f9954ca81111}</UniqueIdentifier>
    </Filter>
    <Filter Include="05.Scene\01.Input">
      <UniqueIdentifier>{4a3e1285-8691-4f30-867a-4201a9658d79}</UniqueIdentifier>
    </Filter>
    <Filter Include="07.Component\01.SceneComponent">
      <UniqueIdentifier>{1b393727-daae-4373-a21b-33321d8c6b96}</UniqueIdentifier>
    </Filter>
    <Filter Include="04.Shader\03.ConstantBuffer\01.Transform">
      <UniqueIdentifier>{249bc565-eeae-4ca2-830f-344edb258c33}</UniqueIdentifier>
    </Filter>
    <Filter Include="06.Object\01.Player">
      <UniqueIdentifier>{cd375512-1b59-4a74-b3b2-d35b909a0fce}</UniqueIdentifier>
    </Filter>
    <Filter Include="06.Object\02.Bullet">
      <UniqueIdentifier>{7c36ae9b-1ba4-432e-bec2-6df2bcaf5b81}</UniqueIdentifier>
    </Filter>
    <Filter Include="07.Component\02.NonSceneComponent">
      <UniqueIdentifier>{11e5f003-f75a-466d-a8eb-7613e1a2cd45}</UniqueIdentifier>
    </Filter>
    <Filter Include="05.Scene\02.CameraManager">
      <UniqueIdentifier>{d4aaaba0-5de9-4e88-a5a4-fbbf25f560e4}</UniqueIdentifier>
    </Filter>
    <Filter Include="02.Share\04.Log">
      <UniqueIdentifier>{57c0aadf-78a4-4863-a4af-c4ee908d8b6c}</UniqueIdentifier>
    </Filter>
    <Filter Include="07.Component\03.Collider">
      <UniqueIdentifier>{abd0ecbc-e2e8-46f0-96d3-cdb1bcd97711}</UniqueIdentifier>
    </Filter>
    <Filter Include="06.Object\03.Monster">
      <UniqueIdentifier>{fdae064c-b0bf-4106-a31a-acd9a6cf43e0}</UniqueIdentifier>
    </Filter>
    <Filter Include="05.Scene\03.Collision">
      <UniqueIdentifier>{4be988c6-be9d-42d6-9dcc-b4f1e6d5b083}</UniqueIdentifier>
    </Filter>
    <Filter Include="07.Component\01.SceneComponent\01.Mesh">
      <UniqueIdentifier>{b7e4018e-d043-4723-8493-50e97c257e29}</UniqueIdentifier>
    </Filter>
    <Filter Include="07.Component\01.SceneComponent\02.Camera">
      <UniqueIdentifier>{e860086b-ebad-4c08-be45-4c1a91c90b70}</UniqueIdentifier>
    </Filter>
    <Filter Include="04.Shader\02.Shader Class\02.FrameMesh">
      <UniqueIdentifier>{12874a08-1b7f-4612-a5cc-2015365b4bb4}</UniqueIdentifier>
    </Filter>
    <Filter Include="04.Shader\02.Shader Class\01.ColorMesh">
      <UniqueIdentifier>{e9ce92a9-2435-4b58-a2ed-d48e72ddc9e2}</UniqueIdentifier>
    </Filter>
    <Filter Include="01.GameManager\02.ProfileManager">
      <UniqueIdentifier>{b8476a5d-102f-4027-9f2d-840352486fd3}</UniqueIdentifier>
    </Filter>
    <Filter Include="01.GameManager\03.Collision">
      <UniqueIdentifier>{b34a5f99-9a55-4d82-8ad2-3f59d6ad63a4}</UniqueIdentifier>
    </Filter>
    <Filter Include="04.Shader\03.ConstantBuffer\02.Collider">
      <UniqueIdentifier>{ae8b708c-a0a5-4f6b-8de8-cedccc70a1aa}</UniqueIdentifier>
    </Filter>
    <Filter Include="07.Component\03.Collider\01.2D">
      <UniqueIdentifier>{c7c6c97c-a3b8-486a-ae53-d2b065fe1fd6}</UniqueIdentifier>
    </Filter>
  </ItemGroup>
  <ItemGroup>
    <ClCompile Include="include\main.cpp">
      <Filter>소스 파일</Filter>
    </ClCompile>
    <ClCompile Include="include\GameManager\Device\Device.cpp">
      <Filter>01.GameManager\01.Device</Filter>
    </ClCompile>
    <ClCompile Include="include\GameManager\GameManager.cpp">
      <Filter>01.GameManager</Filter>
    </ClCompile>
    <ClCompile Include="include\Share\Object\Object.cpp">
      <Filter>02.Share\02.Object</Filter>
    </ClCompile>
    <ClCompile Include="include\Share\Timer\Timer.cpp">
      <Filter>02.Share\01.Timer</Filter>
    </ClCompile>
    <ClCompile Include="include\Asset\Mesh\Mesh.cpp">
      <Filter>03.Asset\01.Mesh</Filter>
    </ClCompile>
    <ClCompile Include="include\Asset\Mesh\MeshManager.cpp">
      <Filter>03.Asset\01.Mesh</Filter>
    </ClCompile>
    <ClCompile Include="include\Asset\Mesh\StaticMesh.cpp">
      <Filter>03.Asset\01.Mesh</Filter>
    </ClCompile>
    <ClCompile Include="include\Asset\Asset.cpp">
      <Filter>03.Asset</Filter>
    </ClCompile>
    <ClCompile Include="include\Asset\AssetManager.cpp">
      <Filter>03.Asset</Filter>
    </ClCompile>
    <ClCompile Include="include\Shader\ShaderClass\GraphicShader.cpp">
      <Filter>04.Shader\02.Shader Class</Filter>
    </ClCompile>
    <ClCompile Include="include\Shader\ShaderClass\ComputeShader.cpp">
      <Filter>04.Shader\02.Shader Class</Filter>
    </ClCompile>
    <ClCompile Include="include\Shader\ShaderClass\Shader.cpp">
      <Filter>04.Shader\02.Shader Class</Filter>
    </ClCompile>
    <ClCompile Include="include\Shader\ConstantBuffer\Transform\TransformCBuffer.cpp">
      <Filter>04.Shader\03.ConstantBuffer\01.Transform</Filter>
    </ClCompile>
    <ClCompile Include="include\Shader\ShaderManager.cpp">
      <Filter>04.Shader</Filter>
    </ClCompile>
    <ClCompile Include="include\Shader\ConstantBuffer\ConstantBufferData.cpp">
      <Filter>04.Shader\03.ConstantBuffer</Filter>
    </ClCompile>
    <ClCompile Include="include\Shader\ConstantBuffer\ConstantBuffer.cpp">
      <Filter>04.Shader\03.ConstantBuffer</Filter>
    </ClCompile>
    <ClCompile Include="include\Scene\Input\Input.cpp">
      <Filter>05.Scene\01.Input</Filter>
    </ClCompile>
    <ClCompile Include="include\Scene\Scene.cpp">
      <Filter>05.Scene</Filter>
    </ClCompile>
    <ClCompile Include="include\Scene\SceneMain.cpp">
      <Filter>05.Scene</Filter>
    </ClCompile>
    <ClCompile Include="include\Scene\SceneManager.cpp">
      <Filter>05.Scene</Filter>
    </ClCompile>
    <ClCompile Include="include\Object\SceneObject.cpp">
      <Filter>06.Object</Filter>
    </ClCompile>
    <ClCompile Include="include\Component\Component.cpp">
      <Filter>07.Component</Filter>
    </ClCompile>
    <ClCompile Include="include\Component\SceneComponent\SceneComponent.cpp">
      <Filter>07.Component\01.SceneComponent</Filter>
    </ClCompile>
    <ClCompile Include="include\Vector3D.cpp">
      <Filter>소스 파일</Filter>
    </ClCompile>
    <ClCompile Include="include\Vector4D.cpp">
      <Filter>소스 파일</Filter>
    </ClCompile>
    <ClCompile Include="include\Object\Player\PlayerObject.cpp">
      <Filter>06.Object\01.Player</Filter>
    </ClCompile>
    <ClCompile Include="include\Object\Bullet\BulletObject.cpp">
      <Filter>06.Object\02.Bullet</Filter>
    </ClCompile>
    <ClCompile Include="include\Object\Bullet\TornadoBullet.cpp">
      <Filter>06.Object\02.Bullet</Filter>
    </ClCompile>
    <ClCompile Include="include\Object\Bullet\TalonR.cpp">
      <Filter>06.Object\02.Bullet</Filter>
    </ClCompile>
    <ClCompile Include="include\Component\NonSceneComponent\MovementComponent.cpp">
      <Filter>07.Component\02.NonSceneComponent</Filter>
    </ClCompile>
    <ClCompile Include="include\Scene\CameraManager\CameraManager.cpp">
      <Filter>05.Scene\02.CameraManager</Filter>
    </ClCompile>
    <ClCompile Include="include\Component\NonSceneComponent\RotationComponent.cpp">
      <Filter>07.Component\02.NonSceneComponent</Filter>
    </ClCompile>
    <ClCompile Include="include\Object\Monster\MonsterObject.cpp">
      <Filter>06.Object\03.Monster</Filter>
    </ClCompile>
    <ClCompile Include="include\Object\Monster\GunnerMonster.cpp">
      <Filter>06.Object\03.Monster</Filter>
    </ClCompile>
    <ClCompile Include="include\Object\Monster\NearingMonster.cpp">
      <Filter>06.Object\03.Monster</Filter>
    </ClCompile>
    <ClCompile Include="include\Share\Log\Log.cpp">
      <Filter>02.Share\04.Log</Filter>
    </ClCompile>
    <ClCompile Include="include\Object\Bullet\GravityBullet.cpp">
      <Filter>06.Object\02.Bullet</Filter>
    </ClCompile>
    <ClCompile Include="include\Component\Collider\ColliderBase.cpp">
      <Filter>07.Component\03.Collider</Filter>
    </ClCompile>
    <ClCompile Include="include\Scene\Collision\SceneCollision.cpp">
      <Filter>05.Scene\03.Collision</Filter>
    </ClCompile>
    <ClCompile Include="include\Scene\Collision\CollisionQuadTree.cpp">
      <Filter>05.Scene\03.Collision</Filter>
    </ClCompile>
    <ClCompile Include="include\Component\SceneComponent\CameraComponent.cpp">
      <Filter>07.Component\01.SceneComponent\02.Camera</Filter>
    </ClCompile>
    <ClCompile Include="include\Component\SceneComponent\MeshComponent.cpp">
      <Filter>07.Component\01.SceneComponent\01.Mesh</Filter>
    </ClCompile>
    <ClCompile Include="include\Component\SceneComponent\StaticMeshComponent.cpp">
      <Filter>07.Component\01.SceneComponent\01.Mesh</Filter>
    </ClCompile>
    <ClCompile Include="include\Shader\ShaderClass\ColorMeshShader.cpp">
      <Filter>04.Shader\02.Shader Class\01.ColorMesh</Filter>
    </ClCompile>
    <ClCompile Include="include\Shader\ShaderClass\FrameMeshShader.cpp">
      <Filter>04.Shader\02.Shader Class\02.FrameMesh</Filter>
    </ClCompile>
    <ClCompile Include="include\Shader\ConstantBuffer\Collider\ColliderCBuffer.cpp">
      <Filter>04.Shader\03.ConstantBuffer\02.Collider</Filter>
    </ClCompile>
    <ClCompile Include="include\GameManager\Collision\Collision.cpp">
      <Filter>01.GameManager\03.Collision</Filter>
    </ClCompile>
    <ClCompile Include="include\GameManager\ProfileManager\ProfileManager.cpp">
      <Filter>01.GameManager\02.ProfileManager</Filter>
    </ClCompile>
    <ClCompile Include="include\Component\Collider\ColliderAABB2D.cpp">
      <Filter>07.Component\03.Collider\01.2D</Filter>
    </ClCompile>
    <ClCompile Include="include\Component\Collider\ColliderSphere2D.cpp">
      <Filter>07.Component\03.Collider\01.2D</Filter>
    </ClCompile>
    <ClCompile Include="include\Object\Monster\ObjectSpawnPoint.cpp">
      <Filter>06.Object\03.Monster</Filter>
    </ClCompile>
    <ClCompile Include="include\Component\Collider\ColliderOBB2D.cpp">
      <Filter>07.Component\03.Collider\01.2D</Filter>
    </ClCompile>
    <ClCompile Include="include\Object\Bullet\PoisonBullet.cpp">
      <Filter>06.Object\02.Bullet</Filter>
    </ClCompile>
  </ItemGroup>
  <ItemGroup>
    <ClInclude Include="include\GameManager\Device\Device.h">
      <Filter>01.GameManager\01.Device</Filter>
    </ClInclude>
    <ClInclude Include="include\GameManager\GameManager.h">
      <Filter>01.GameManager</Filter>
    </ClInclude>
    <ClInclude Include="include\Vector2D.h">
      <Filter>헤더 파일</Filter>
    </ClInclude>
    <ClInclude Include="include\Vector3D.h">
      <Filter>헤더 파일</Filter>
    </ClInclude>
    <ClInclude Include="include\Vector4D.h">
      <Filter>헤더 파일</Filter>
    </ClInclude>
    <ClInclude Include="include\EngineMath.h">
      <Filter>헤더 파일</Filter>
    </ClInclude>
    <ClInclude Include="include\Matrix.h">
      <Filter>헤더 파일</Filter>
    </ClInclude>
    <ClInclude Include="include\GameInfo.h">
      <Filter>헤더 파일</Filter>
    </ClInclude>
    <ClInclude Include="include\Share\SharedPtr\SharedPtr.h">
      <Filter>02.Share\03.SharedPtr</Filter>
    </ClInclude>
    <ClInclude Include="include\Share\Timer\Timer.h">
      <Filter>02.Share\01.Timer</Filter>
    </ClInclude>
    <ClInclude Include="resource.h">
      <Filter>헤더 파일</Filter>
    </ClInclude>
    <ClInclude Include="include\Asset\Mesh\StaticMesh.h">
      <Filter>03.Asset\01.Mesh</Filter>
    </ClInclude>
    <ClInclude Include="include\Asset\Mesh\Mesh.h">
      <Filter>03.Asset\01.Mesh</Filter>
    </ClInclude>
    <ClInclude Include="include\Asset\Mesh\MeshManager.h">
      <Filter>03.Asset\01.Mesh</Filter>
    </ClInclude>
    <ClInclude Include="include\Asset\Asset.h">
      <Filter>03.Asset</Filter>
    </ClInclude>
    <ClInclude Include="include\Asset\AssetManager.h">
      <Filter>03.Asset</Filter>
    </ClInclude>
    <ClInclude Include="include\Shader\ShaderClass\ComputeShader.h">
      <Filter>04.Shader\02.Shader Class</Filter>
    </ClInclude>
    <ClInclude Include="include\Shader\ShaderClass\GraphicShader.h">
      <Filter>04.Shader\02.Shader Class</Filter>
    </ClInclude>
    <ClInclude Include="include\Shader\ShaderClass\Shader.h">
      <Filter>04.Shader\02.Shader Class</Filter>
    </ClInclude>
    <ClInclude Include="include\Shader\ConstantBuffer\Transform\TransformCBuffer.h">
      <Filter>04.Shader\03.ConstantBuffer\01.Transform</Filter>
    </ClInclude>
    <ClInclude Include="include\Shader\ShaderManager.h">
      <Filter>04.Shader</Filter>
    </ClInclude>
    <ClInclude Include="include\Shader\ConstantBuffer\ConstantBufferData.h">
      <Filter>04.Shader\03.ConstantBuffer</Filter>
    </ClInclude>
    <ClInclude Include="include\Shader\ConstantBuffer\ConstantBuffer.h">
      <Filter>04.Shader\03.ConstantBuffer</Filter>
    </ClInclude>
    <ClInclude Include="include\Shader\ConstantBuffer\CBufferContainer.h">
      <Filter>04.Shader\03.ConstantBuffer</Filter>
    </ClInclude>
    <ClInclude Include="include\Scene\Input\Input.h">
      <Filter>05.Scene\01.Input</Filter>
    </ClInclude>
    <ClInclude Include="include\Scene\SceneManager.h">
      <Filter>05.Scene</Filter>
    </ClInclude>
    <ClInclude Include="include\Scene\SceneMain.h">
      <Filter>05.Scene</Filter>
    </ClInclude>
    <ClInclude Include="include\Scene\Scene.h">
      <Filter>05.Scene</Filter>
    </ClInclude>
    <ClInclude Include="include\Object\SceneObject.h">
      <Filter>06.Object</Filter>
    </ClInclude>
    <ClInclude Include="include\Component\Component.h">
      <Filter>07.Component</Filter>
    </ClInclude>
    <ClInclude Include="include\Component\SceneComponent\SceneComponent.h">
      <Filter>07.Component\01.SceneComponent</Filter>
    </ClInclude>
    <ClInclude Include="include\Object\Player\PlayerObject.h">
      <Filter>06.Object\01.Player</Filter>
    </ClInclude>
    <ClInclude Include="include\Object\Bullet\BulletObject.h">
      <Filter>06.Object\02.Bullet</Filter>
    </ClInclude>
    <ClInclude Include="include\Object\Bullet\TornadoBullet.h">
      <Filter>06.Object\02.Bullet</Filter>
    </ClInclude>
    <ClInclude Include="include\Object\Bullet\TalonR.h">
      <Filter>06.Object\02.Bullet</Filter>
    </ClInclude>
    <ClInclude Include="include\Component\NonSceneComponent\MovementComponent.h">
      <Filter>07.Component\02.NonSceneComponent</Filter>
    </ClInclude>
    <ClInclude Include="include\Scene\CameraManager\CameraManager.h">
      <Filter>05.Scene\02.CameraManager</Filter>
    </ClInclude>
    <ClInclude Include="include\Component\NonSceneComponent\RotationComponent.h">
      <Filter>07.Component\02.NonSceneComponent</Filter>
    </ClInclude>
    <ClInclude Include="include\Object\Monster\MonsterObject.h">
      <Filter>06.Object\03.Monster</Filter>
    </ClInclude>
    <ClInclude Include="include\Object\Monster\GunnerMonster.h">
      <Filter>06.Object\03.Monster</Filter>
    </ClInclude>
    <ClInclude Include="include\Object\Monster\NearingMonster.h">
      <Filter>06.Object\03.Monster</Filter>
    </ClInclude>
    <ClInclude Include="include\Share\Log\Log.h">
      <Filter>02.Share\04.Log</Filter>
    </ClInclude>
    <ClInclude Include="include\Share\Object\Object.h">
      <Filter>02.Share\02.Object</Filter>
    </ClInclude>
    <ClInclude Include="include\Object\Bullet\GravityBullet.h">
      <Filter>06.Object\02.Bullet</Filter>
    </ClInclude>
    <ClInclude Include="include\Component\Collider\ColliderBase.h">
      <Filter>07.Component\03.Collider</Filter>
    </ClInclude>
    <ClInclude Include="include\Scene\Collision\SceneCollision.h">
      <Filter>05.Scene\03.Collision</Filter>
    </ClInclude>
    <ClInclude Include="include\Scene\Collision\CollisionQuadTree.h">
      <Filter>05.Scene\03.Collision</Filter>
    </ClInclude>
    <ClInclude Include="include\Component\SceneComponent\CameraComponent.h">
      <Filter>07.Component\01.SceneComponent\02.Camera</Filter>
    </ClInclude>
    <ClInclude Include="include\Component\SceneComponent\MeshComponent.h">
      <Filter>07.Component\01.SceneComponent\01.Mesh</Filter>
    </ClInclude>
    <ClInclude Include="include\Component\SceneComponent\StaticMeshComponent.h">
      <Filter>07.Component\01.SceneComponent\01.Mesh</Filter>
    </ClInclude>
    <ClInclude Include="include\Shader\ShaderClass\ColorMeshShader.h">
      <Filter>04.Shader\02.Shader Class\01.ColorMesh</Filter>
    </ClInclude>
    <ClInclude Include="include\Shader\ShaderClass\FrameMeshShader.h">
      <Filter>04.Shader\02.Shader Class\02.FrameMesh</Filter>
    </ClInclude>
    <ClInclude Include="include\Shader\ConstantBuffer\Collider\ColliderCBuffer.h">
      <Filter>04.Shader\03.ConstantBuffer\02.Collider</Filter>
    </ClInclude>
    <ClInclude Include="include\GameManager\Collision\Collision.h">
      <Filter>01.GameManager\03.Collision</Filter>
    </ClInclude>
    <ClInclude Include="include\GameManager\ProfileManager\ProfileManager.h">
      <Filter>01.GameManager\02.ProfileManager</Filter>
    </ClInclude>
    <ClInclude Include="include\Component\Collider\ColliderAABB2D.h">
      <Filter>07.Component\03.Collider\01.2D</Filter>
    </ClInclude>
    <ClInclude Include="include\Component\Collider\ColliderSphere2D.h">
      <Filter>07.Component\03.Collider\01.2D</Filter>
    </ClInclude>
    <ClInclude Include="include\Object\Monster\ObjectSpawnPoint.h">
      <Filter>06.Object\03.Monster</Filter>
    </ClInclude>
    <ClInclude Include="include\Component\Collider\ColliderOBB2D.h">
      <Filter>07.Component\03.Collider\01.2D</Filter>
    </ClInclude>
    <ClInclude Include="include\Object\Bullet\PoisonBullet.h">
      <Filter>06.Object\02.Bullet</Filter>
    </ClInclude>
  </ItemGroup>
  <ItemGroup>
    <ResourceCompile Include="Project1.rc">
      <Filter>리소스 파일</Filter>
    </ResourceCompile>
  </ItemGroup>
  <ItemGroup>
    <Image Include="icon1.ico">
      <Filter>리소스 파일</Filter>
    </Image>
  </ItemGroup>
  <ItemGroup>
    <FxCompile Include="bin\Shader\ColorMesh.fx">
      <Filter>04.Shader\01.HLSL</Filter>
    </FxCompile>
    <FxCompile Include="bin\Shader\Share.fx">
      <Filter>04.Shader\01.HLSL</Filter>
    </FxCompile>
  </ItemGroup>
</Project>