<?xml version="1.0" encoding="utf-8"?>
<Project ToolsVersion="4.0" xmlns="http://schemas.microsoft.com/developer/msbuild/2003">
  <ItemGroup>
    <Filter Include="소스 파일">
      <UniqueIdentifier>{4FC737F1-C7A5-4376-A066-2A32D752A2FF}</UniqueIdentifier>
      <Extensions>cpp;c;cc;cxx;c++;cppm;ixx;def;odl;idl;hpj;bat;asm;asmx</Extensions>
    </Filter>
    <Filter Include="헤더 파일">
      <UniqueIdentifier>{93995380-89BD-4b04-88EB-625FBE52EBFB}</UniqueIdentifier>
      <Extensions>h;hh;hpp;hxx;h++;hm;inl;inc;ipp;xsd</Extensions>
    </Filter>
    <Filter Include="리소스 파일">
      <UniqueIdentifier>{67DA6AB6-F800-4c08-8B7A-83BB121AAD01}</UniqueIdentifier>
      <Extensions>rc;ico;cur;bmp;dlg;rc2;rct;bin;rgs;gif;jpg;jpeg;jpe;resx;tiff;tif;png;wav;mfcribbon-ms</Extensions>
    </Filter>
    <Filter Include="01.GameManager">
      <UniqueIdentifier>{c128ea61-d209-49f3-b534-3b17abe2858b}</UniqueIdentifier>
    </Filter>
    <Filter Include="01.GameManager\01.Device">
      <UniqueIdentifier>{ee202a1e-94d9-41cb-add3-86c158aefca7}</UniqueIdentifier>
    </Filter>
    <Filter Include="02.Share">
      <UniqueIdentifier>{08733a4b-ad78-4237-bd13-c4b9fbace5bd}</UniqueIdentifier>
    </Filter>
    <Filter Include="03.Asset">
      <UniqueIdentifier>{08a5134e-7f4c-4b6b-8a43-1a85436885ca}</UniqueIdentifier>
    </Filter>
    <Filter Include="04.Shader">
      <UniqueIdentifier>{ad91c215-59b3-40ab-96d8-88b21605deeb}</UniqueIdentifier>
    </Filter>
    <Filter Include="05.Scene">
      <UniqueIdentifier>{817ace9e-f695-4e4a-ae21-ba0a4862f469}</UniqueIdentifier>
    </Filter>
    <Filter Include="06.Object">
      <UniqueIdentifier>{1744ed02-3531-41a3-9763-cda873f67759}</UniqueIdentifier>
    </Filter>
    <Filter Include="07.Component">
      <UniqueIdentifier>{d47d1502-b309-41a5-bf10-1bfff0b9d9e4}</UniqueIdentifier>
    </Filter>
  </ItemGroup>
  <ItemGroup>
    <ClCompile Include="inlcude\main.cpp">
      <Filter>소스 파일</Filter>
    </ClCompile>
    <ClCompile Include="inlcude\GameManager\GameManager.cpp">
      <Filter>01.GameManager</Filter>
    </ClCompile>
    <ClCompile Include="inlcude\GameManager\Device\Device.cpp">
      <Filter>01.GameManager\01.Device</Filter>
    </ClCompile>
  </ItemGroup>
  <ItemGroup>
    <ClInclude Include="inlcude\GameInfo.h">
      <Filter>헤더 파일</Filter>
    </ClInclude>
    <ClInclude Include="inlcude\GameManager\GameManager.h">
      <Filter>01.GameManager</Filter>
    </ClInclude>
    <ClInclude Include="inlcude\GameManager\Device\Device.h">
      <Filter>01.GameManager\01.Device</Filter>
    </ClInclude>
  </ItemGroup>
</Project>